// !$*UTF8*$!
{
	archiveVersion = 1;
	classes = {
	};
	objectVersion = 52;
	objects = {

/* Begin PBXBuildFile section */
		1F10474B25F3187900C5CE49 /* KPTDomain in Frameworks */ = {isa = PBXBuildFile; productRef = 1F10474A25F3187900C5CE49 /* KPTDomain */; };
		1FC4AF3225F314A1005927B2 /* KPTApp.swift in Sources */ = {isa = PBXBuildFile; fileRef = 1FC4AF3125F314A1005927B2 /* KPTApp.swift */; };
		1FC4AF3425F314A1005927B2 /* ContentView.swift in Sources */ = {isa = PBXBuildFile; fileRef = 1FC4AF3325F314A1005927B2 /* ContentView.swift */; };
		1FC4AF3625F314A2005927B2 /* Assets.xcassets in Resources */ = {isa = PBXBuildFile; fileRef = 1FC4AF3525F314A2005927B2 /* Assets.xcassets */; };
		1FC4AF3925F314A2005927B2 /* Preview Assets.xcassets in Resources */ = {isa = PBXBuildFile; fileRef = 1FC4AF3825F314A2005927B2 /* Preview Assets.xcassets */; };
/* End PBXBuildFile section */

/* Begin PBXContainerItemProxy section */
		1F10474625F3180200C5CE49 /* PBXContainerItemProxy */ = {
			isa = PBXContainerItemProxy;
			containerPortal = 1FC4AF2625F314A1005927B2 /* Project object */;
			proxyType = 1;
			remoteGlobalIDString = 1FC4AF6325F314E6005927B2;
			remoteInfo = Swiftlint;
		};
/* End PBXContainerItemProxy section */

/* Begin PBXFileReference section */
		1FC4AF2E25F314A1005927B2 /* KPT.app */ = {isa = PBXFileReference; explicitFileType = wrapper.application; includeInIndex = 0; path = KPT.app; sourceTree = BUILT_PRODUCTS_DIR; };
		1FC4AF3125F314A1005927B2 /* KPTApp.swift */ = {isa = PBXFileReference; lastKnownFileType = sourcecode.swift; path = KPTApp.swift; sourceTree = "<group>"; };
		1FC4AF3325F314A1005927B2 /* ContentView.swift */ = {isa = PBXFileReference; lastKnownFileType = sourcecode.swift; path = ContentView.swift; sourceTree = "<group>"; };
		1FC4AF3525F314A2005927B2 /* Assets.xcassets */ = {isa = PBXFileReference; lastKnownFileType = folder.assetcatalog; path = Assets.xcassets; sourceTree = "<group>"; };
		1FC4AF3825F314A2005927B2 /* Preview Assets.xcassets */ = {isa = PBXFileReference; lastKnownFileType = folder.assetcatalog; path = "Preview Assets.xcassets"; sourceTree = "<group>"; };
		1FC4AF3A25F314A2005927B2 /* Info.plist */ = {isa = PBXFileReference; lastKnownFileType = text.plist.xml; path = Info.plist; sourceTree = "<group>"; };
		1FC4AF3B25F314A2005927B2 /* KPT.entitlements */ = {isa = PBXFileReference; lastKnownFileType = text.plist.entitlements; path = KPT.entitlements; sourceTree = "<group>"; };
/* End PBXFileReference section */

/* Begin PBXFrameworksBuildPhase section */
		1FC4AF2B25F314A1005927B2 /* Frameworks */ = {
			isa = PBXFrameworksBuildPhase;
			buildActionMask = 2147483647;
			files = (
				1F10474B25F3187900C5CE49 /* KPTDomain in Frameworks */,
			);
			runOnlyForDeploymentPostprocessing = 0;
		};
/* End PBXFrameworksBuildPhase section */

/* Begin PBXGroup section */
		1F10474925F3187900C5CE49 /* Frameworks */ = {
			isa = PBXGroup;
			children = (
			);
			name = Frameworks;
			sourceTree = "<group>";
		};
		1FC4AF2525F314A1005927B2 = {
			isa = PBXGroup;
			children = (
				1FC4AF3025F314A1005927B2 /* KPT */,
				1FC4AF2F25F314A1005927B2 /* Products */,
				1F10474925F3187900C5CE49 /* Frameworks */,
			);
			sourceTree = "<group>";
		};
		1FC4AF2F25F314A1005927B2 /* Products */ = {
			isa = PBXGroup;
			children = (
				1FC4AF2E25F314A1005927B2 /* KPT.app */,
			);
			name = Products;
			sourceTree = "<group>";
		};
		1FC4AF3025F314A1005927B2 /* KPT */ = {
			isa = PBXGroup;
			children = (
				1FC4AF3525F314A2005927B2 /* Assets.xcassets */,
				1FC4AF3325F314A1005927B2 /* ContentView.swift */,
				1FC4AF3A25F314A2005927B2 /* Info.plist */,
				1FC4AF3B25F314A2005927B2 /* KPT.entitlements */,
				1FC4AF3125F314A1005927B2 /* KPTApp.swift */,
				1FC4AF3725F314A2005927B2 /* Preview Content */,
			);
			path = KPT;
			sourceTree = "<group>";
		};
		1FC4AF3725F314A2005927B2 /* Preview Content */ = {
			isa = PBXGroup;
			children = (
				1FC4AF3825F314A2005927B2 /* Preview Assets.xcassets */,
			);
			path = "Preview Content";
			sourceTree = "<group>";
		};
/* End PBXGroup section */

/* Begin PBXLegacyTarget section */
		1FC4AF6325F314E6005927B2 /* Swiftlint */ = {
			isa = PBXLegacyTarget;
			buildArgumentsString = ..;
			buildConfigurationList = 1FC4AF6625F314E6005927B2 /* Build configuration list for PBXLegacyTarget "Swiftlint" */;
			buildPhases = (
			);
			buildToolPath = /usr/local/bin/swiftlint;
			buildWorkingDirectory = "";
			dependencies = (
			);
			name = Swiftlint;
			passBuildSettingsInEnvironment = 0;
			productName = RunSwiftlint;
		};
/* End PBXLegacyTarget section */

/* Begin PBXNativeTarget section */
		1FC4AF2D25F314A1005927B2 /* KPT */ = {
			isa = PBXNativeTarget;
			buildConfigurationList = 1FC4AF5425F314A2005927B2 /* Build configuration list for PBXNativeTarget "KPT" */;
			buildPhases = (
				1FC4AF2A25F314A1005927B2 /* Sources */,
				1FC4AF2B25F314A1005927B2 /* Frameworks */,
				1FC4AF2C25F314A1005927B2 /* Resources */,
			);
			buildRules = (
			);
			dependencies = (
				1F10474725F3180200C5CE49 /* PBXTargetDependency */,
			);
			name = KPT;
			packageProductDependencies = (
				1F10474A25F3187900C5CE49 /* KPTDomain */,
			);
			productName = KPT;
			productReference = 1FC4AF2E25F314A1005927B2 /* KPT.app */;
			productType = "com.apple.product-type.application";
		};
/* End PBXNativeTarget section */

/* Begin PBXProject section */
		1FC4AF2625F314A1005927B2 /* Project object */ = {
			isa = PBXProject;
			attributes = {
				LastSwiftUpdateCheck = 1240;
				LastUpgradeCheck = 1240;
				TargetAttributes = {
					1FC4AF2D25F314A1005927B2 = {
						CreatedOnToolsVersion = 12.4;
					};
					1FC4AF6325F314E6005927B2 = {
						CreatedOnToolsVersion = 12.4;
					};
				};
			};
			buildConfigurationList = 1FC4AF2925F314A1005927B2 /* Build configuration list for PBXProject "KPT" */;
			compatibilityVersion = "Xcode 9.3";
			developmentRegion = en;
			hasScannedForEncodings = 0;
			knownRegions = (
				en,
				Base,
			);
			mainGroup = 1FC4AF2525F314A1005927B2;
			productRefGroup = 1FC4AF2F25F314A1005927B2 /* Products */;
			projectDirPath = "";
			projectRoot = "";
			targets = (
				1FC4AF2D25F314A1005927B2 /* KPT */,
				1FC4AF6325F314E6005927B2 /* Swiftlint */,
			);
		};
/* End PBXProject section */

/* Begin PBXResourcesBuildPhase section */
		1FC4AF2C25F314A1005927B2 /* Resources */ = {
			isa = PBXResourcesBuildPhase;
			buildActionMask = 2147483647;
			files = (
				1FC4AF3925F314A2005927B2 /* Preview Assets.xcassets in Resources */,
				1FC4AF3625F314A2005927B2 /* Assets.xcassets in Resources */,
			);
			runOnlyForDeploymentPostprocessing = 0;
		};
/* End PBXResourcesBuildPhase section */

/* Begin PBXSourcesBuildPhase section */
		1FC4AF2A25F314A1005927B2 /* Sources */ = {
			isa = PBXSourcesBuildPhase;
			buildActionMask = 2147483647;
			files = (
				1FC4AF3425F314A1005927B2 /* ContentView.swift in Sources */,
				1FC4AF3225F314A1005927B2 /* KPTApp.swift in Sources */,
			);
			runOnlyForDeploymentPostprocessing = 0;
		};
/* End PBXSourcesBuildPhase section */

/* Begin PBXTargetDependency section */
		1F10474725F3180200C5CE49 /* PBXTargetDependency */ = {
			isa = PBXTargetDependency;
			target = 1FC4AF6325F314E6005927B2 /* Swiftlint */;
			targetProxy = 1F10474625F3180200C5CE49 /* PBXContainerItemProxy */;
		};
/* End PBXTargetDependency section */

/* Begin XCBuildConfiguration section */
		1FC4AF5225F314A2005927B2 /* Debug */ = {
			isa = XCBuildConfiguration;
			buildSettings = {
				ALWAYS_SEARCH_USER_PATHS = NO;
				CLANG_ANALYZER_NONNULL = YES;
				CLANG_ANALYZER_NUMBER_OBJECT_CONVERSION = YES_AGGRESSIVE;
				CLANG_CXX_LANGUAGE_STANDARD = "gnu++14";
				CLANG_CXX_LIBRARY = "libc++";
				CLANG_ENABLE_MODULES = YES;
				CLANG_ENABLE_OBJC_ARC = YES;
				CLANG_ENABLE_OBJC_WEAK = YES;
				CLANG_WARN_BLOCK_CAPTURE_AUTORELEASING = YES;
				CLANG_WARN_BOOL_CONVERSION = YES;
				CLANG_WARN_COMMA = YES;
				CLANG_WARN_CONSTANT_CONVERSION = YES;
				CLANG_WARN_DEPRECATED_OBJC_IMPLEMENTATIONS = YES;
				CLANG_WARN_DIRECT_OBJC_ISA_USAGE = YES_ERROR;
				CLANG_WARN_DOCUMENTATION_COMMENTS = YES;
				CLANG_WARN_EMPTY_BODY = YES;
				CLANG_WARN_ENUM_CONVERSION = YES;
				CLANG_WARN_INFINITE_RECURSION = YES;
				CLANG_WARN_INT_CONVERSION = YES;
				CLANG_WARN_NON_LITERAL_NULL_CONVERSION = YES;
				CLANG_WARN_OBJC_IMPLICIT_RETAIN_SELF = YES;
				CLANG_WARN_OBJC_LITERAL_CONVERSION = YES;
				CLANG_WARN_OBJC_ROOT_CLASS = YES_ERROR;
				CLANG_WARN_QUOTED_INCLUDE_IN_FRAMEWORK_HEADER = YES;
				CLANG_WARN_RANGE_LOOP_ANALYSIS = YES;
				CLANG_WARN_STRICT_PROTOTYPES = YES;
				CLANG_WARN_SUSPICIOUS_MOVE = YES;
				CLANG_WARN_UNGUARDED_AVAILABILITY = YES_AGGRESSIVE;
				CLANG_WARN_UNREACHABLE_CODE = YES;
				CLANG_WARN__DUPLICATE_METHOD_MATCH = YES;
				COPY_PHASE_STRIP = NO;
				DEBUG_INFORMATION_FORMAT = dwarf;
				ENABLE_STRICT_OBJC_MSGSEND = YES;
				ENABLE_TESTABILITY = YES;
				GCC_C_LANGUAGE_STANDARD = gnu11;
				GCC_DYNAMIC_NO_PIC = NO;
				GCC_NO_COMMON_BLOCKS = YES;
				GCC_OPTIMIZATION_LEVEL = 0;
				GCC_PREPROCESSOR_DEFINITIONS = (
					"DEBUG=1",
					"$(inherited)",
				);
				GCC_WARN_64_TO_32_BIT_CONVERSION = YES;
				GCC_WARN_ABOUT_RETURN_TYPE = YES_ERROR;
				GCC_WARN_UNDECLARED_SELECTOR = YES;
				GCC_WARN_UNINITIALIZED_AUTOS = YES_AGGRESSIVE;
				GCC_WARN_UNUSED_FUNCTION = YES;
				GCC_WARN_UNUSED_VARIABLE = YES;
				MACOSX_DEPLOYMENT_TARGET = 11.1;
				MTL_ENABLE_DEBUG_INFO = INCLUDE_SOURCE;
				MTL_FAST_MATH = YES;
				ONLY_ACTIVE_ARCH = YES;
				SDKROOT = macosx;
				SWIFT_ACTIVE_COMPILATION_CONDITIONS = DEBUG;
				SWIFT_OPTIMIZATION_LEVEL = "-Onone";
			};
			name = Debug;
		};
		1FC4AF5325F314A2005927B2 /* Release */ = {
			isa = XCBuildConfiguration;
			buildSettings = {
				ALWAYS_SEARCH_USER_PATHS = NO;
				CLANG_ANALYZER_NONNULL = YES;
				CLANG_ANALYZER_NUMBER_OBJECT_CONVERSION = YES_AGGRESSIVE;
				CLANG_CXX_LANGUAGE_STANDARD = "gnu++14";
				CLANG_CXX_LIBRARY = "libc++";
				CLANG_ENABLE_MODULES = YES;
				CLANG_ENABLE_OBJC_ARC = YES;
				CLANG_ENABLE_OBJC_WEAK = YES;
				CLANG_WARN_BLOCK_CAPTURE_AUTORELEASING = YES;
				CLANG_WARN_BOOL_CONVERSION = YES;
				CLANG_WARN_COMMA = YES;
				CLANG_WARN_CONSTANT_CONVERSION = YES;
				CLANG_WARN_DEPRECATED_OBJC_IMPLEMENTATIONS = YES;
				CLANG_WARN_DIRECT_OBJC_ISA_USAGE = YES_ERROR;
				CLANG_WARN_DOCUMENTATION_COMMENTS = YES;
				CLANG_WARN_EMPTY_BODY = YES;
				CLANG_WARN_ENUM_CONVERSION = YES;
				CLANG_WARN_INFINITE_RECURSION = YES;
				CLANG_WARN_INT_CONVERSION = YES;
				CLANG_WARN_NON_LITERAL_NULL_CONVERSION = YES;
				CLANG_WARN_OBJC_IMPLICIT_RETAIN_SELF = YES;
				CLANG_WARN_OBJC_LITERAL_CONVERSION = YES;
				CLANG_WARN_OBJC_ROOT_CLASS = YES_ERROR;
				CLANG_WARN_QUOTED_INCLUDE_IN_FRAMEWORK_HEADER = YES;
				CLANG_WARN_RANGE_LOOP_ANALYSIS = YES;
				CLANG_WARN_STRICT_PROTOTYPES = YES;
				CLANG_WARN_SUSPICIOUS_MOVE = YES;
				CLANG_WARN_UNGUARDED_AVAILABILITY = YES_AGGRESSIVE;
				CLANG_WARN_UNREACHABLE_CODE = YES;
				CLANG_WARN__DUPLICATE_METHOD_MATCH = YES;
				COPY_PHASE_STRIP = NO;
				DEBUG_INFORMATION_FORMAT = "dwarf-with-dsym";
				ENABLE_NS_ASSERTIONS = NO;
				ENABLE_STRICT_OBJC_MSGSEND = YES;
				GCC_C_LANGUAGE_STANDARD = gnu11;
				GCC_NO_COMMON_BLOCKS = YES;
				GCC_WARN_64_TO_32_BIT_CONVERSION = YES;
				GCC_WARN_ABOUT_RETURN_TYPE = YES_ERROR;
				GCC_WARN_UNDECLARED_SELECTOR = YES;
				GCC_WARN_UNINITIALIZED_AUTOS = YES_AGGRESSIVE;
				GCC_WARN_UNUSED_FUNCTION = YES;
				GCC_WARN_UNUSED_VARIABLE = YES;
				MACOSX_DEPLOYMENT_TARGET = 11.1;
				MTL_ENABLE_DEBUG_INFO = NO;
				MTL_FAST_MATH = YES;
				SDKROOT = macosx;
				SWIFT_COMPILATION_MODE = wholemodule;
				SWIFT_OPTIMIZATION_LEVEL = "-O";
			};
			name = Release;
		};
		1FC4AF5525F314A2005927B2 /* Debug */ = {
			isa = XCBuildConfiguration;
			buildSettings = {
				ASSETCATALOG_COMPILER_APPICON_NAME = AppIcon;
				ASSETCATALOG_COMPILER_GLOBAL_ACCENT_COLOR_NAME = AccentColor;
				CODE_SIGN_ENTITLEMENTS = KPT/KPT.entitlements;
				CODE_SIGN_STYLE = Automatic;
				COMBINE_HIDPI_IMAGES = YES;
				DEVELOPMENT_ASSET_PATHS = "\"KPT/Preview Content\"";
				ENABLE_PREVIEWS = YES;
				INFOPLIST_FILE = KPT/Info.plist;
				LD_RUNPATH_SEARCH_PATHS = (
					"$(inherited)",
					"@executable_path/../Frameworks",
				);
				MACOSX_DEPLOYMENT_TARGET = 11.0;
				PRODUCT_BUNDLE_IDENTIFIER = com.zenel.KPT;
				PRODUCT_NAME = "$(TARGET_NAME)";
				SWIFT_VERSION = 5.0;
			};
			name = Debug;
		};
		1FC4AF5625F314A2005927B2 /* Release */ = {
			isa = XCBuildConfiguration;
			buildSettings = {
				ASSETCATALOG_COMPILER_APPICON_NAME = AppIcon;
				ASSETCATALOG_COMPILER_GLOBAL_ACCENT_COLOR_NAME = AccentColor;
				CODE_SIGN_ENTITLEMENTS = KPT/KPT.entitlements;
				CODE_SIGN_STYLE = Automatic;
				COMBINE_HIDPI_IMAGES = YES;
				DEVELOPMENT_ASSET_PATHS = "\"KPT/Preview Content\"";
				ENABLE_PREVIEWS = YES;
				INFOPLIST_FILE = KPT/Info.plist;
				LD_RUNPATH_SEARCH_PATHS = (
					"$(inherited)",
					"@executable_path/../Frameworks",
				);
				MACOSX_DEPLOYMENT_TARGET = 11.0;
				PRODUCT_BUNDLE_IDENTIFIER = com.zenel.KPT;
				PRODUCT_NAME = "$(TARGET_NAME)";
				SWIFT_VERSION = 5.0;
			};
			name = Release;
		};
		1FC4AF6425F314E6005927B2 /* Debug */ = {
			isa = XCBuildConfiguration;
			buildSettings = {
				CODE_SIGN_STYLE = Automatic;
				DEBUGGING_SYMBOLS = YES;
				DEBUG_INFORMATION_FORMAT = dwarf;
				GCC_GENERATE_DEBUGGING_SYMBOLS = YES;
				GCC_OPTIMIZATION_LEVEL = 0;
				OTHER_CFLAGS = "";
				OTHER_LDFLAGS = "";
				PRODUCT_NAME = "$(TARGET_NAME)";
			};
			name = Debug;
		};
		1FC4AF6525F314E6005927B2 /* Release */ = {
			isa = XCBuildConfiguration;
			buildSettings = {
				CODE_SIGN_STYLE = Automatic;
				DEBUG_INFORMATION_FORMAT = "dwarf-with-dsym";
				OTHER_CFLAGS = "";
				OTHER_LDFLAGS = "";
				PRODUCT_NAME = "$(TARGET_NAME)";
			};
			name = Release;
		};
/* End XCBuildConfiguration section */

/* Begin XCConfigurationList section */
		1FC4AF2925F314A1005927B2 /* Build configuration list for PBXProject "KPT" */ = {
			isa = XCConfigurationList;
			buildConfigurations = (
				1FC4AF5225F314A2005927B2 /* Debug */,
				1FC4AF5325F314A2005927B2 /* Release */,
			);
			defaultConfigurationIsVisible = 0;
			defaultConfigurationName = Release;
		};
		1FC4AF5425F314A2005927B2 /* Build configuration list for PBXNativeTarget "KPT" */ = {
			isa = XCConfigurationList;
			buildConfigurations = (
				1FC4AF5525F314A2005927B2 /* Debug */,
				1FC4AF5625F314A2005927B2 /* Release */,
			);
			defaultConfigurationIsVisible = 0;
			defaultConfigurationName = Release;
		};
		1FC4AF6625F314E6005927B2 /* Build configuration list for PBXLegacyTarget "Swiftlint" */ = {
			isa = XCConfigurationList;
			buildConfigurations = (
				1FC4AF6425F314E6005927B2 /* Debug */,
				1FC4AF6525F314E6005927B2 /* Release */,
			);
			defaultConfigurationIsVisible = 0;
			defaultConfigurationName = Release;
		};
/* End XCConfigurationList section */

/* Begin XCSwiftPackageProductDependency section */
		1F10474A25F3187900C5CE49 /* KPTDomain */ = {
			isa = XCSwiftPackageProductDependency;
			productName = KPTDomain;
		};
/* End XCSwiftPackageProductDependency section */
	};
	rootObject = 1FC4AF2625F314A1005927B2 /* Project object */;
}
